
Microsoft Visual Studio Solution File, Format Version 12.00
# Visual Studio Version 16
VisualStudioVersion = 16.0.31624.102
MinimumVisualStudioVersion = 10.0.40219.1
Project("{FAE04EC0-301F-11D3-BF4B-00C04F79EFBC}") = "HelloWorld", "HelloWorld\HelloWorld.csproj", "{2A5FED01-2380-4D9C-8A7F-89459FB917E6}"
EndProject
Global
	GlobalSection(SolutionConfigurationPlatforms) = preSolution
		Debug|Any CPU = Debug|Any CPU
		Release|Any CPU = Release|Any CPU
	EndGlobalSection
	GlobalSection(ProjectConfigurationPlatforms) = postSolution
		{2A5FED01-2380-4D9C-8A7F-89459FB917E6}.Debug|Any CPU.ActiveCfg = Debug|Any CPU
		{2A5FED01-2380-4D9C-8A7F-89459FB917E6}.Debug|Any CPU.Build.0 = Debug|Any CPU
		{2A5FED01-2380-4D9C-8A7F-89459FB917E6}.Release|Any CPU.ActiveCfg = Release|Any CPU
		{2A5FED01-2380-4D9C-8A7F-89459FB917E6}.Release|Any CPU.Build.0 = Release|Any CPU
	EndGlobalSection
	GlobalSection(SolutionProperties) = preSolution
		HideSolutionNode = FALSE
	EndGlobalSection
	GlobalSection(ExtensibilityGlobals) = postSolution
		SolutionGuid = {B3B010B6-58CC-4590-BE9E-40BA7CBD5264}
	EndGlobalSection
EndGlobal
